github.com/google/uuid v1.6.0 h1:NIvaJDMOsjHA8n1jAhLSgzrAzy1Hgr+hNrb57e+94F0=
github.com/google/uuid v1.6.0/go.mod h1:TIyPZe4MgqvfeYDBFedMoGGpEw/LqOeaOT+nhxU+yHo=
github.com/jtclarkjr/router-go v0.1.0-alpha.2 h1:Z9K9fsyWc/Qerr6qk8H74T8tEla76YYZEitWKlAYy20=
github.com/jtclarkjr/router-go v0.1.0-alpha.2/go.mod h1:XrZ+o5DzvCxEmPNHYTyZOXTb80E9rGc3X2Srr3UgZRA=
github.com/jtclarkjr/supabase-go-rest v0.0.19 h1:i8T09W4kjqiRhWfBFdP16Xmpvcy5KJrz1Rp2fvXhhLk=
github.com/jtclarkjr/supabase-go-rest v0.0.19/go.mod h1:LirAYAZLoistwWT/kbNyV0k0jObzMdzBPmlF7aEKJok=
