github.com/google/uuid v1.6.0 h1:NIvaJDMOsjHA8n1jAhLSgzrAzy1Hgr+hNrb57e+94F0=
github.com/google/uuid v1.6.0/go.mod h1:TIyPZe4MgqvfeYDBFedMoGGpEw/LqOeaOT+nhxU+yHo=
github.com/jtclarkjr/router-go v0.6.4 h1:Db3UxvnDXwBP+lHOplsCs6Y94AvtoXQ09qmVeuJoG58=
github.com/jtclarkjr/router-go v0.6.4/go.mod h1:XrZ+o5DzvCxEmPNHYTyZOXTb80E9rGc3X2Srr3UgZRA=
github.com/jtclarkjr/supabase-go-rest v0.1.0 h1:7skvOH2cDDS1hg0WCPkH1YV3XGzO/mUm8huVr0ydd1s=
github.com/jtclarkjr/supabase-go-rest v0.1.0/go.mod h1:LirAYAZLoistwWT/kbNyV0k0jObzMdzBPmlF7aEKJok=
